
Microsoft Visual Studio Solution File, Format Version 12.00
# Visual Studio Version 16
VisualStudioVersion = 16.0.810.7
MinimumVisualStudioVersion = 10.0.40219.1
Project("{FAE04EC0-301F-11D3-BF4B-00C04F79EFBC}") = "ColourAPI", "ColourAPI\ColourAPI.csproj", "{BD5C5ED6-C523-42C1-BCAB-6C63AF19E0FA}"
EndProject
Global
	GlobalSection(SolutionConfigurationPlatforms) = preSolution
		Debug|Any CPU = Debug|Any CPU
		Release|Any CPU = Release|Any CPU
	EndGlobalSection
	GlobalSection(ProjectConfigurationPlatforms) = postSolution
		{BD5C5ED6-C523-42C1-BCAB-6C63AF19E0FA}.Debug|Any CPU.ActiveCfg = Debug|Any CPU
		{BD5C5ED6-C523-42C1-BCAB-6C63AF19E0FA}.Debug|Any CPU.Build.0 = Debug|Any CPU
		{BD5C5ED6-C523-42C1-BCAB-6C63AF19E0FA}.Release|Any CPU.ActiveCfg = Release|Any CPU
		{BD5C5ED6-C523-42C1-BCAB-6C63AF19E0FA}.Release|Any CPU.Build.0 = Release|Any CPU
	EndGlobalSection
	GlobalSection(SolutionProperties) = preSolution
		HideSolutionNode = FALSE
	EndGlobalSection
	GlobalSection(ExtensibilityGlobals) = postSolution
		SolutionGuid = {62F0640F-C709-468E-B380-B91186F0EEDE}
	EndGlobalSection
EndGlobal
